
Microsoft Visual Studio Solution File, Format Version 12.00
# Visual Studio Version 17
VisualStudioVersion = 17.0.31903.59
MinimumVisualStudioVersion = 10.0.40219.1
Project("{2150E333-8FDC-42A3-9474-1A3956D46DE8}") = "Domain", "Domain", "{DD9BE01A-B91D-4D13-AF21-2DB4D39A8F85}"
EndProject
Project("{FAE04EC0-301F-11D3-BF4B-00C04F79EFBC}") = "MyFinanceAPI.Domain", "MyFinanceAPI.Domain\MyFinanceAPI.Domain.csproj", "{5C308525-B3D0-462C-9C67-AC5E3C2145E2}"
EndProject
Project("{2150E333-8FDC-42A3-9474-1A3956D46DE8}") = "Api", "Api", "{75C44AA9-2AFD-4607-A024-9C7604B8D459}"
EndProject
Project("{FAE04EC0-301F-11D3-BF4B-00C04F79EFBC}") = "MyFinanceAPI.Api", "MyFinanceAPI.Api\MyFinanceAPI.Api.csproj", "{FA1A459F-A606-498A-BD62-DDA30688E52B}"
EndProject
Project("{2150E333-8FDC-42A3-9474-1A3956D46DE8}") = "Application", "Application", "{B80E73F3-BB7B-4DBF-97D2-C3359F972300}"
EndProject
Project("{FAE04EC0-301F-11D3-BF4B-00C04F79EFBC}") = "MyFinanceAPI.Application", "MyFinanceAPI.Application\MyFinanceAPI.Application.csproj", "{1D29BC4E-15BE-4D80-9E0A-C1D8C3661DFA}"
EndProject
Project("{2150E333-8FDC-42A3-9474-1A3956D46DE8}") = "Infrastriucture", "Infrastriucture", "{1800A18E-5CC0-4F06-92D6-000415163FAA}"
EndProject
Project("{2150E333-8FDC-42A3-9474-1A3956D46DE8}") = "Data", "Data", "{AFB51ECD-0114-45B1-8128-D9D26423A644}"
EndProject
Project("{FAE04EC0-301F-11D3-BF4B-00C04F79EFBC}") = "MyFinanceAPI.Data", "MyFinanceAPI.Data\MyFinanceAPI.Data.csproj", "{358176C2-81A7-4541-A54D-3D14D317AD98}"
EndProject
Project("{2150E333-8FDC-42A3-9474-1A3956D46DE8}") = "Integrations", "Integrations", "{AE862DCD-FAE7-4D9C-94A0-C90673202296}"
EndProject
Project("{FAE04EC0-301F-11D3-BF4B-00C04F79EFBC}") = "MyFinanceAPI.Integrations", "MyFinanceAPI.Integrations\MyFinanceAPI.Integrations.csproj", "{D33EEB6C-CC40-49EC-9167-633C14478AE3}"
EndProject
Project("{2150E333-8FDC-42A3-9474-1A3956D46DE8}") = "Ioc", "Ioc", "{FC3E0901-67B8-49E0-B74B-117E276C8CE6}"
EndProject
Project("{FAE04EC0-301F-11D3-BF4B-00C04F79EFBC}") = "MyFinanceAPI.Ioc", "MyFinanceAPI.Ioc\MyFinanceAPI.Ioc.csproj", "{F1444ECF-ECBB-40C1-9848-35B753A6CA3F}"
EndProject
Project("{2150E333-8FDC-42A3-9474-1A3956D46DE8}") = "Tests", "Tests", "{6A13D210-812A-4F94-A5EE-DBA608D0A24B}"
EndProject
Project("{FAE04EC0-301F-11D3-BF4B-00C04F79EFBC}") = "MyFinanceAPI.Tests", "MyFinanceAPI.Tests\MyFinanceAPI.Tests.csproj", "{5F519813-9229-422F-A328-C34BE8EAFA49}"
EndProject
Global
	GlobalSection(SolutionConfigurationPlatforms) = preSolution
		Debug|Any CPU = Debug|Any CPU
		Release|Any CPU = Release|Any CPU
	EndGlobalSection
	GlobalSection(ProjectConfigurationPlatforms) = postSolution
		{5C308525-B3D0-462C-9C67-AC5E3C2145E2}.Debug|Any CPU.ActiveCfg = Debug|Any CPU
		{5C308525-B3D0-462C-9C67-AC5E3C2145E2}.Debug|Any CPU.Build.0 = Debug|Any CPU
		{5C308525-B3D0-462C-9C67-AC5E3C2145E2}.Release|Any CPU.ActiveCfg = Release|Any CPU
		{5C308525-B3D0-462C-9C67-AC5E3C2145E2}.Release|Any CPU.Build.0 = Release|Any CPU
		{FA1A459F-A606-498A-BD62-DDA30688E52B}.Debug|Any CPU.ActiveCfg = Debug|Any CPU
		{FA1A459F-A606-498A-BD62-DDA30688E52B}.Debug|Any CPU.Build.0 = Debug|Any CPU
		{FA1A459F-A606-498A-BD62-DDA30688E52B}.Release|Any CPU.ActiveCfg = Release|Any CPU
		{FA1A459F-A606-498A-BD62-DDA30688E52B}.Release|Any CPU.Build.0 = Release|Any CPU
		{1D29BC4E-15BE-4D80-9E0A-C1D8C3661DFA}.Debug|Any CPU.ActiveCfg = Debug|Any CPU
		{1D29BC4E-15BE-4D80-9E0A-C1D8C3661DFA}.Debug|Any CPU.Build.0 = Debug|Any CPU
		{1D29BC4E-15BE-4D80-9E0A-C1D8C3661DFA}.Release|Any CPU.ActiveCfg = Release|Any CPU
		{1D29BC4E-15BE-4D80-9E0A-C1D8C3661DFA}.Release|Any CPU.Build.0 = Release|Any CPU
		{358176C2-81A7-4541-A54D-3D14D317AD98}.Debug|Any CPU.ActiveCfg = Debug|Any CPU
		{358176C2-81A7-4541-A54D-3D14D317AD98}.Debug|Any CPU.Build.0 = Debug|Any CPU
		{358176C2-81A7-4541-A54D-3D14D317AD98}.Release|Any CPU.ActiveCfg = Release|Any CPU
		{358176C2-81A7-4541-A54D-3D14D317AD98}.Release|Any CPU.Build.0 = Release|Any CPU
		{D33EEB6C-CC40-49EC-9167-633C14478AE3}.Debug|Any CPU.ActiveCfg = Debug|Any CPU
		{D33EEB6C-CC40-49EC-9167-633C14478AE3}.Debug|Any CPU.Build.0 = Debug|Any CPU
		{D33EEB6C-CC40-49EC-9167-633C14478AE3}.Release|Any CPU.ActiveCfg = Release|Any CPU
		{D33EEB6C-CC40-49EC-9167-633C14478AE3}.Release|Any CPU.Build.0 = Release|Any CPU
		{F1444ECF-ECBB-40C1-9848-35B753A6CA3F}.Debug|Any CPU.ActiveCfg = Debug|Any CPU
		{F1444ECF-ECBB-40C1-9848-35B753A6CA3F}.Debug|Any CPU.Build.0 = Debug|Any CPU
		{F1444ECF-ECBB-40C1-9848-35B753A6CA3F}.Release|Any CPU.ActiveCfg = Release|Any CPU
		{F1444ECF-ECBB-40C1-9848-35B753A6CA3F}.Release|Any CPU.Build.0 = Release|Any CPU
		{5F519813-9229-422F-A328-C34BE8EAFA49}.Debug|Any CPU.ActiveCfg = Debug|Any CPU
		{5F519813-9229-422F-A328-C34BE8EAFA49}.Debug|Any CPU.Build.0 = Debug|Any CPU
		{5F519813-9229-422F-A328-C34BE8EAFA49}.Release|Any CPU.ActiveCfg = Release|Any CPU
		{5F519813-9229-422F-A328-C34BE8EAFA49}.Release|Any CPU.Build.0 = Release|Any CPU
	EndGlobalSection
	GlobalSection(SolutionProperties) = preSolution
		HideSolutionNode = FALSE
	EndGlobalSection
	GlobalSection(NestedProjects) = preSolution
		{5C308525-B3D0-462C-9C67-AC5E3C2145E2} = {DD9BE01A-B91D-4D13-AF21-2DB4D39A8F85}
		{FA1A459F-A606-498A-BD62-DDA30688E52B} = {75C44AA9-2AFD-4607-A024-9C7604B8D459}
		{1D29BC4E-15BE-4D80-9E0A-C1D8C3661DFA} = {B80E73F3-BB7B-4DBF-97D2-C3359F972300}
		{AFB51ECD-0114-45B1-8128-D9D26423A644} = {1800A18E-5CC0-4F06-92D6-000415163FAA}
		{358176C2-81A7-4541-A54D-3D14D317AD98} = {AFB51ECD-0114-45B1-8128-D9D26423A644}
		{AE862DCD-FAE7-4D9C-94A0-C90673202296} = {1800A18E-5CC0-4F06-92D6-000415163FAA}
		{D33EEB6C-CC40-49EC-9167-633C14478AE3} = {AE862DCD-FAE7-4D9C-94A0-C90673202296}
		{FC3E0901-67B8-49E0-B74B-117E276C8CE6} = {1800A18E-5CC0-4F06-92D6-000415163FAA}
		{F1444ECF-ECBB-40C1-9848-35B753A6CA3F} = {FC3E0901-67B8-49E0-B74B-117E276C8CE6}
		{5F519813-9229-422F-A328-C34BE8EAFA49} = {6A13D210-812A-4F94-A5EE-DBA608D0A24B}
	EndGlobalSection
EndGlobal
