Microsoft Visual Studio Solution File, Format Version 12.00
# Visual Studio Version 17
VisualStudioVersion = 17.0.31903.59
MinimumVisualStudioVersion = 10.0.40219.1
Project("{FAE04EC0-301F-11D3-BF4B-00C04F79EFBC}") = "MyFinanceAPI.Domain", "MyFinanceAPI.Domain\MyFinanceAPI.Domain.csproj", "{5C308525-B3D0-462C-9C67-AC5E3C2145E2}"
EndProject
Project("{FAE04EC0-301F-11D3-BF4B-00C04F79EFBC}") = "MyFinanceAPI.Api", "MyFinanceAPI.Api\MyFinanceAPI.Api.csproj", "{FA1A459F-A606-498A-BD62-DDA30688E52B}"
EndProject
Project("{FAE04EC0-301F-11D3-BF4B-00C04F79EFBC}") = "MyFinanceAPI.Application", "MyFinanceAPI.Application\MyFinanceAPI.Application.csproj", "{1D29BC4E-15BE-4D80-9E0A-C1D8C3661DFA}"
EndProject
Project("{FAE04EC0-301F-11D3-BF4B-00C04F79EFBC}") = "MyFinanceAPI.Data", "MyFinanceAPI.Data\MyFinanceAPI.Data.csproj", "{358176C2-81A7-4541-A54D-3D14D317AD98}"
EndProject
Project("{FAE04EC0-301F-11D3-BF4B-00C04F79EFBC}") = "MyFinanceAPI.Integrations", "MyFinanceAPI.Integrations\MyFinanceAPI.Integrations.csproj", "{D33EEB6C-CC40-49EC-9167-633C14478AE3}"
EndProject
Project("{FAE04EC0-301F-11D3-BF4B-00C04F79EFBC}") = "MyFinanceAPI.Ioc", "MyFinanceAPI.Ioc\MyFinanceAPI.Ioc.csproj", "{F1444ECF-ECBB-40C1-9848-35B753A6CA3F}"
EndProject
Project("{2150E333-8FDC-42A3-9474-1A3956D46DE8}") = "Tests", "Tests", "{6A13D210-812A-4F94-A5EE-DBA608D0A24B}"
EndProject
Project("{FAE04EC0-301F-11D3-BF4B-00C04F79EFBC}") = "MyFinanceAPI.Tests", "MyFinanceAPI.Tests\MyFinanceAPI.Tests.csproj", "{5F519813-9229-422F-A328-C34BE8EAFA49}"
EndProject
Global
	GlobalSection(SolutionConfigurationPlatforms) = preSolution
		Debug|Any CPU = Debug|Any CPU
		Release|Any CPU = Release|Any CPU
	EndGlobalSection
	GlobalSection(ProjectConfigurationPlatforms) = postSolution
		{5C308525-B3D0-462C-9C67-AC5E3C2145E2}.Debug|Any CPU.ActiveCfg = Debug|Any CPU
		{5C308525-B3D0-462C-9C67-AC5E3C2145E2}.Debug|Any CPU.Build.0 = Debug|Any CPU
		{5C308525-B3D0-462C-9C67-AC5E3C2145E2}.Release|Any CPU.ActiveCfg = Release|Any CPU
		{5C308525-B3D0-462C-9C67-AC5E3C2145E2}.Release|Any CPU.Build.0 = Release|Any CPU
		{FA1A459F-A606-498A-BD62-DDA30688E52B}.Debug|Any CPU.ActiveCfg = Debug|Any CPU
		{FA1A459F-A606-498A-BD62-DDA30688E52B}.Debug|Any CPU.Build.0 = Debug|Any CPU
		{FA1A459F-A606-498A-BD62-DDA30688E52B}.Release|Any CPU.ActiveCfg = Release|Any CPU
		{FA1A459F-A606-498A-BD62-DDA30688E52B}.Release|Any CPU.Build.0 = Release|Any CPU
		{1D29BC4E-15BE-4D80-9E0A-C1D8C3661DFA}.Debug|Any CPU.ActiveCfg = Debug|Any CPU
		{1D29BC4E-15BE-4D80-9E0A-C1D8C3661DFA}.Debug|Any CPU.Build.0 = Debug|Any CPU
		{1D29BC4E-15BE-4D80-9E0A-C1D8C3661DFA}.Release|Any CPU.ActiveCfg = Release|Any CPU
		{1D29BC4E-15BE-4D80-9E0A-C1D8C3661DFA}.Release|Any CPU.Build.0 = Release|Any CPU
		{358176C2-81A7-4541-A54D-3D14D317AD98}.Debug|Any CPU.ActiveCfg = Debug|Any CPU
		{358176C2-81A7-4541-A54D-3D14D317AD98}.Debug|Any CPU.Build.0 = Debug|Any CPU
		{358176C2-81A7-4541-A54D-3D14D317AD98}.Release|Any CPU.ActiveCfg = Release|Any CPU
		{358176C2-81A7-4541-A54D-3D14D317AD98}.Release|Any CPU.Build.0 = Release|Any CPU
		{D33EEB6C-CC40-49EC-9167-633C14478AE3}.Debug|Any CPU.ActiveCfg = Debug|Any CPU
		{D33EEB6C-CC40-49EC-9167-633C14478AE3}.Debug|Any CPU.Build.0 = Debug|Any CPU
		{D33EEB6C-CC40-49EC-9167-633C14478AE3}.Release|Any CPU.ActiveCfg = Release|Any CPU
		{D33EEB6C-CC40-49EC-9167-633C14478AE3}.Release|Any CPU.Build.0 = Release|Any CPU
		{F1444ECF-ECBB-40C1-9848-35B753A6CA3F}.Debug|Any CPU.ActiveCfg = Debug|Any CPU
		{F1444ECF-ECBB-40C1-9848-35B753A6CA3F}.Debug|Any CPU.Build.0 = Debug|Any CPU
		{F1444ECF-ECBB-40C1-9848-35B753A6CA3F}.Release|Any CPU.ActiveCfg = Release|Any CPU
		{F1444ECF-ECBB-40C1-9848-35B753A6CA3F}.Release|Any CPU.Build.0 = Release|Any CPU
		{5F519813-9229-422F-A328-C34BE8EAFA49}.Debug|Any CPU.ActiveCfg = Debug|Any CPU
		{5F519813-9229-422F-A328-C34BE8EAFA49}.Debug|Any CPU.Build.0 = Debug|Any CPU
		{5F519813-9229-422F-A328-C34BE8EAFA49}.Release|Any CPU.ActiveCfg = Release|Any CPU
		{5F519813-9229-422F-A328-C34BE8EAFA49}.Release|Any CPU.Build.0 = Release|Any CPU
	EndGlobalSection
	GlobalSection(SolutionProperties) = preSolution
		HideSolutionNode = FALSE
	EndGlobalSection
	GlobalSection(NestedProjects) = preSolution
		{5F519813-9229-422F-A328-C34BE8EAFA49} = {6A13D210-812A-4F94-A5EE-DBA608D0A24B}
	EndGlobalSection
EndGlobal
